
Microsoft Visual Studio Solution File, Format Version 12.00
# Visual Studio Version 16
VisualStudioVersion = 16.0.31424.327
MinimumVisualStudioVersion = 10.0.40219.1
Project("{FAE04EC0-301F-11D3-BF4B-00C04F79EFBC}") = "P309_2", "P309_2\P309_2.csproj", "{5FCA4706-9327-48AC-8203-5FC28AFF211E}"
EndProject
Global
	GlobalSection(SolutionConfigurationPlatforms) = preSolution
		Debug|Any CPU = Debug|Any CPU
		Release|Any CPU = Release|Any CPU
	EndGlobalSection
	GlobalSection(ProjectConfigurationPlatforms) = postSolution
		{5FCA4706-9327-48AC-8203-5FC28AFF211E}.Debug|Any CPU.ActiveCfg = Debug|Any CPU
		{5FCA4706-9327-48AC-8203-5FC28AFF211E}.Debug|Any CPU.Build.0 = Debug|Any CPU
		{5FCA4706-9327-48AC-8203-5FC28AFF211E}.Release|Any CPU.ActiveCfg = Release|Any CPU
		{5FCA4706-9327-48AC-8203-5FC28AFF211E}.Release|Any CPU.Build.0 = Release|Any CPU
	EndGlobalSection
	GlobalSection(SolutionProperties) = preSolution
		HideSolutionNode = FALSE
	EndGlobalSection
	GlobalSection(ExtensibilityGlobals) = postSolution
		SolutionGuid = {2FA33676-3F96-45E3-BEFA-C81E84F718FC}
	EndGlobalSection
EndGlobal
